// !$*UTF8*$!
{
	archiveVersion = 1;
	classes = {
	};
	objectVersion = 52;
	objects = {

/* Begin PBXBuildFile section */
		0D207667279EA7C900E43DE4 /* RegisterViewController.swift in Sources */ = {isa = PBXBuildFile; fileRef = 0D207666279EA7C900E43DE4 /* RegisterViewController.swift */; };
		0DF7900527A1739400BA36A2 /* LoginViewController.swift in Sources */ = {isa = PBXBuildFile; fileRef = 0DF7900427A1739400BA36A2 /* LoginViewController.swift */; };
		0DF7900827A17C3A00BA36A2 /* Alamofire in Frameworks */ = {isa = PBXBuildFile; productRef = 0DF7900727A17C3A00BA36A2 /* Alamofire */; };
		0DFB5EF62769F80A00397C31 /* AppDelegate.swift in Sources */ = {isa = PBXBuildFile; fileRef = 0DFB5EF52769F80A00397C31 /* AppDelegate.swift */; };
		0DFB5EF82769F80A00397C31 /* SceneDelegate.swift in Sources */ = {isa = PBXBuildFile; fileRef = 0DFB5EF72769F80A00397C31 /* SceneDelegate.swift */; };
		0DFB5EFA2769F80A00397C31 /* ViewController.swift in Sources */ = {isa = PBXBuildFile; fileRef = 0DFB5EF92769F80A00397C31 /* ViewController.swift */; };
		0DFB5EFD2769F80A00397C31 /* Main.storyboard in Resources */ = {isa = PBXBuildFile; fileRef = 0DFB5EFB2769F80A00397C31 /* Main.storyboard */; };
		0DFB5EFF2769F80B00397C31 /* Assets.xcassets in Resources */ = {isa = PBXBuildFile; fileRef = 0DFB5EFE2769F80B00397C31 /* Assets.xcassets */; };
		0DFB5F022769F80B00397C31 /* LaunchScreen.storyboard in Resources */ = {isa = PBXBuildFile; fileRef = 0DFB5F002769F80B00397C31 /* LaunchScreen.storyboard */; };
		0DFB5F0C2769F8C000397C31 /* EmpleadoTableViewCell.swift in Sources */ = {isa = PBXBuildFile; fileRef = 0DFB5F0B2769F8C000397C31 /* EmpleadoTableViewCell.swift */; };
/* End PBXBuildFile section */

/* Begin PBXFileReference section */
		0D207666279EA7C900E43DE4 /* RegisterViewController.swift */ = {isa = PBXFileReference; lastKnownFileType = sourcecode.swift; path = RegisterViewController.swift; sourceTree = "<group>"; };
		0DF7900427A1739400BA36A2 /* LoginViewController.swift */ = {isa = PBXFileReference; lastKnownFileType = sourcecode.swift; path = LoginViewController.swift; sourceTree = "<group>"; };
		0DFB5EF22769F80A00397C31 /* gestion-empleados-ios.app */ = {isa = PBXFileReference; explicitFileType = wrapper.application; includeInIndex = 0; path = "gestion-empleados-ios.app"; sourceTree = BUILT_PRODUCTS_DIR; };
		0DFB5EF52769F80A00397C31 /* AppDelegate.swift */ = {isa = PBXFileReference; lastKnownFileType = sourcecode.swift; path = AppDelegate.swift; sourceTree = "<group>"; };
		0DFB5EF72769F80A00397C31 /* SceneDelegate.swift */ = {isa = PBXFileReference; lastKnownFileType = sourcecode.swift; path = SceneDelegate.swift; sourceTree = "<group>"; };
		0DFB5EF92769F80A00397C31 /* ViewController.swift */ = {isa = PBXFileReference; lastKnownFileType = sourcecode.swift; path = ViewController.swift; sourceTree = "<group>"; };
		0DFB5EFC2769F80A00397C31 /* Base */ = {isa = PBXFileReference; lastKnownFileType = file.storyboard; name = Base; path = Base.lproj/Main.storyboard; sourceTree = "<group>"; };
		0DFB5EFE2769F80B00397C31 /* Assets.xcassets */ = {isa = PBXFileReference; lastKnownFileType = folder.assetcatalog; path = Assets.xcassets; sourceTree = "<group>"; };
		0DFB5F012769F80B00397C31 /* Base */ = {isa = PBXFileReference; lastKnownFileType = file.storyboard; name = Base; path = Base.lproj/LaunchScreen.storyboard; sourceTree = "<group>"; };
		0DFB5F032769F80B00397C31 /* Info.plist */ = {isa = PBXFileReference; lastKnownFileType = text.plist.xml; path = Info.plist; sourceTree = "<group>"; };
		0DFB5F0B2769F8C000397C31 /* EmpleadoTableViewCell.swift */ = {isa = PBXFileReference; lastKnownFileType = sourcecode.swift; path = EmpleadoTableViewCell.swift; sourceTree = "<group>"; };
/* End PBXFileReference section */

/* Begin PBXFrameworksBuildPhase section */
		0DFB5EEF2769F80A00397C31 /* Frameworks */ = {
			isa = PBXFrameworksBuildPhase;
			buildActionMask = 2147483647;
			files = (
				0DF7900827A17C3A00BA36A2 /* Alamofire in Frameworks */,
			);
			runOnlyForDeploymentPostprocessing = 0;
		};
/* End PBXFrameworksBuildPhase section */

/* Begin PBXGroup section */
		0DFB5EE92769F80A00397C31 = {
			isa = PBXGroup;
			children = (
				0DFB5EF42769F80A00397C31 /* gestion-empleados-ios */,
				0DFB5EF32769F80A00397C31 /* Products */,
			);
			sourceTree = "<group>";
		};
		0DFB5EF32769F80A00397C31 /* Products */ = {
			isa = PBXGroup;
			children = (
				0DFB5EF22769F80A00397C31 /* gestion-empleados-ios.app */,
			);
			name = Products;
			sourceTree = "<group>";
		};
		0DFB5EF42769F80A00397C31 /* gestion-empleados-ios */ = {
			isa = PBXGroup;
			children = (
				0DFB5EF52769F80A00397C31 /* AppDelegate.swift */,
				0DFB5EF72769F80A00397C31 /* SceneDelegate.swift */,
				0DFB5EF92769F80A00397C31 /* ViewController.swift */,
				0DFB5EFB2769F80A00397C31 /* Main.storyboard */,
				0DFB5EFE2769F80B00397C31 /* Assets.xcassets */,
				0DFB5F002769F80B00397C31 /* LaunchScreen.storyboard */,
				0DFB5F032769F80B00397C31 /* Info.plist */,
				0DFB5F0B2769F8C000397C31 /* EmpleadoTableViewCell.swift */,
				0D207666279EA7C900E43DE4 /* RegisterViewController.swift */,
				0DF7900427A1739400BA36A2 /* LoginViewController.swift */,
			);
			path = "gestion-empleados-ios";
			sourceTree = "<group>";
		};
/* End PBXGroup section */

/* Begin PBXNativeTarget section */
		0DFB5EF12769F80A00397C31 /* gestion-empleados-ios */ = {
			isa = PBXNativeTarget;
			buildConfigurationList = 0DFB5F062769F80B00397C31 /* Build configuration list for PBXNativeTarget "gestion-empleados-ios" */;
			buildPhases = (
				0DFB5EEE2769F80A00397C31 /* Sources */,
				0DFB5EEF2769F80A00397C31 /* Frameworks */,
				0DFB5EF02769F80A00397C31 /* Resources */,
			);
			buildRules = (
			);
			dependencies = (
			);
			name = "gestion-empleados-ios";
			packageProductDependencies = (
				0DF7900727A17C3A00BA36A2 /* Alamofire */,
			);
			productName = "gestion-empleados-ios";
			productReference = 0DFB5EF22769F80A00397C31 /* gestion-empleados-ios.app */;
			productType = "com.apple.product-type.application";
		};
/* End PBXNativeTarget section */

/* Begin PBXProject section */
		0DFB5EEA2769F80A00397C31 /* Project object */ = {
			isa = PBXProject;
			attributes = {
				LastSwiftUpdateCheck = 1250;
				LastUpgradeCheck = 1250;
				TargetAttributes = {
					0DFB5EF12769F80A00397C31 = {
						CreatedOnToolsVersion = 12.5.1;
					};
				};
			};
			buildConfigurationList = 0DFB5EED2769F80A00397C31 /* Build configuration list for PBXProject "gestion-empleados-ios" */;
			compatibilityVersion = "Xcode 9.3";
			developmentRegion = en;
			hasScannedForEncodings = 0;
			knownRegions = (
				en,
				Base,
			);
			mainGroup = 0DFB5EE92769F80A00397C31;
			packageReferences = (
				0DF7900627A17C3A00BA36A2 /* XCRemoteSwiftPackageReference "Alamofire" */,
			);
			productRefGroup = 0DFB5EF32769F80A00397C31 /* Products */;
			projectDirPath = "";
			projectRoot = "";
			targets = (
				0DFB5EF12769F80A00397C31 /* gestion-empleados-ios */,
			);
		};
/* End PBXProject section */

/* Begin PBXResourcesBuildPhase section */
		0DFB5EF02769F80A00397C31 /* Resources */ = {
			isa = PBXResourcesBuildPhase;
			buildActionMask = 2147483647;
			files = (
				0DFB5F022769F80B00397C31 /* LaunchScreen.storyboard in Resources */,
				0DFB5EFF2769F80B00397C31 /* Assets.xcassets in Resources */,
				0DFB5EFD2769F80A00397C31 /* Main.storyboard in Resources */,
			);
			runOnlyForDeploymentPostprocessing = 0;
		};
/* End PBXResourcesBuildPhase section */

/* Begin PBXSourcesBuildPhase section */
		0DFB5EEE2769F80A00397C31 /* Sources */ = {
			isa = PBXSourcesBuildPhase;
			buildActionMask = 2147483647;
			files = (
				0DF7900527A1739400BA36A2 /* LoginViewController.swift in Sources */,
				0DFB5F0C2769F8C000397C31 /* EmpleadoTableViewCell.swift in Sources */,
				0D207667279EA7C900E43DE4 /* RegisterViewController.swift in Sources */,
				0DFB5EFA2769F80A00397C31 /* ViewController.swift in Sources */,
				0DFB5EF62769F80A00397C31 /* AppDelegate.swift in Sources */,
				0DFB5EF82769F80A00397C31 /* SceneDelegate.swift in Sources */,
			);
			runOnlyForDeploymentPostprocessing = 0;
		};
/* End PBXSourcesBuildPhase section */

/* Begin PBXVariantGroup section */
		0DFB5EFB2769F80A00397C31 /* Main.storyboard */ = {
			isa = PBXVariantGroup;
			children = (
				0DFB5EFC2769F80A00397C31 /* Base */,
			);
			name = Main.storyboard;
			sourceTree = "<group>";
		};
		0DFB5F002769F80B00397C31 /* LaunchScreen.storyboard */ = {
			isa = PBXVariantGroup;
			children = (
				0DFB5F012769F80B00397C31 /* Base */,
			);
			name = LaunchScreen.storyboard;
			sourceTree = "<group>";
		};
/* End PBXVariantGroup section */

/* Begin XCBuildConfiguration section */
		0DFB5F042769F80B00397C31 /* Debug */ = {
			isa = XCBuildConfiguration;
			buildSettings = {
				ALWAYS_SEARCH_USER_PATHS = NO;
				CLANG_ANALYZER_NONNULL = YES;
				CLANG_ANALYZER_NUMBER_OBJECT_CONVERSION = YES_AGGRESSIVE;
				CLANG_CXX_LANGUAGE_STANDARD = "gnu++14";
				CLANG_CXX_LIBRARY = "libc++";
				CLANG_ENABLE_MODULES = YES;
				CLANG_ENABLE_OBJC_ARC = YES;
				CLANG_ENABLE_OBJC_WEAK = YES;
				CLANG_WARN_BLOCK_CAPTURE_AUTORELEASING = YES;
				CLANG_WARN_BOOL_CONVERSION = YES;
				CLANG_WARN_COMMA = YES;
				CLANG_WARN_CONSTANT_CONVERSION = YES;
				CLANG_WARN_DEPRECATED_OBJC_IMPLEMENTATIONS = YES;
				CLANG_WARN_DIRECT_OBJC_ISA_USAGE = YES_ERROR;
				CLANG_WARN_DOCUMENTATION_COMMENTS = YES;
				CLANG_WARN_EMPTY_BODY = YES;
				CLANG_WARN_ENUM_CONVERSION = YES;
				CLANG_WARN_INFINITE_RECURSION = YES;
				CLANG_WARN_INT_CONVERSION = YES;
				CLANG_WARN_NON_LITERAL_NULL_CONVERSION = YES;
				CLANG_WARN_OBJC_IMPLICIT_RETAIN_SELF = YES;
				CLANG_WARN_OBJC_LITERAL_CONVERSION = YES;
				CLANG_WARN_OBJC_ROOT_CLASS = YES_ERROR;
				CLANG_WARN_QUOTED_INCLUDE_IN_FRAMEWORK_HEADER = YES;
				CLANG_WARN_RANGE_LOOP_ANALYSIS = YES;
				CLANG_WARN_STRICT_PROTOTYPES = YES;
				CLANG_WARN_SUSPICIOUS_MOVE = YES;
				CLANG_WARN_UNGUARDED_AVAILABILITY = YES_AGGRESSIVE;
				CLANG_WARN_UNREACHABLE_CODE = YES;
				CLANG_WARN__DUPLICATE_METHOD_MATCH = YES;
				COPY_PHASE_STRIP = NO;
				DEBUG_INFORMATION_FORMAT = dwarf;
				ENABLE_STRICT_OBJC_MSGSEND = YES;
				ENABLE_TESTABILITY = YES;
				GCC_C_LANGUAGE_STANDARD = gnu11;
				GCC_DYNAMIC_NO_PIC = NO;
				GCC_NO_COMMON_BLOCKS = YES;
				GCC_OPTIMIZATION_LEVEL = 0;
				GCC_PREPROCESSOR_DEFINITIONS = (
					"DEBUG=1",
					"$(inherited)",
				);
				GCC_WARN_64_TO_32_BIT_CONVERSION = YES;
				GCC_WARN_ABOUT_RETURN_TYPE = YES_ERROR;
				GCC_WARN_UNDECLARED_SELECTOR = YES;
				GCC_WARN_UNINITIALIZED_AUTOS = YES_AGGRESSIVE;
				GCC_WARN_UNUSED_FUNCTION = YES;
				GCC_WARN_UNUSED_VARIABLE = YES;
				IPHONEOS_DEPLOYMENT_TARGET = 14.5;
				MTL_ENABLE_DEBUG_INFO = INCLUDE_SOURCE;
				MTL_FAST_MATH = YES;
				ONLY_ACTIVE_ARCH = YES;
				SDKROOT = iphoneos;
				SWIFT_ACTIVE_COMPILATION_CONDITIONS = DEBUG;
				SWIFT_OPTIMIZATION_LEVEL = "-Onone";
			};
			name = Debug;
		};
		0DFB5F052769F80B00397C31 /* Release */ = {
			isa = XCBuildConfiguration;
			buildSettings = {
				ALWAYS_SEARCH_USER_PATHS = NO;
				CLANG_ANALYZER_NONNULL = YES;
				CLANG_ANALYZER_NUMBER_OBJECT_CONVERSION = YES_AGGRESSIVE;
				CLANG_CXX_LANGUAGE_STANDARD = "gnu++14";
				CLANG_CXX_LIBRARY = "libc++";
				CLANG_ENABLE_MODULES = YES;
				CLANG_ENABLE_OBJC_ARC = YES;
				CLANG_ENABLE_OBJC_WEAK = YES;
				CLANG_WARN_BLOCK_CAPTURE_AUTORELEASING = YES;
				CLANG_WARN_BOOL_CONVERSION = YES;
				CLANG_WARN_COMMA = YES;
				CLANG_WARN_CONSTANT_CONVERSION = YES;
				CLANG_WARN_DEPRECATED_OBJC_IMPLEMENTATIONS = YES;
				CLANG_WARN_DIRECT_OBJC_ISA_USAGE = YES_ERROR;
				CLANG_WARN_DOCUMENTATION_COMMENTS = YES;
				CLANG_WARN_EMPTY_BODY = YES;
				CLANG_WARN_ENUM_CONVERSION = YES;
				CLANG_WARN_INFINITE_RECURSION = YES;
				CLANG_WARN_INT_CONVERSION = YES;
				CLANG_WARN_NON_LITERAL_NULL_CONVERSION = YES;
				CLANG_WARN_OBJC_IMPLICIT_RETAIN_SELF = YES;
				CLANG_WARN_OBJC_LITERAL_CONVERSION = YES;
				CLANG_WARN_OBJC_ROOT_CLASS = YES_ERROR;
				CLANG_WARN_QUOTED_INCLUDE_IN_FRAMEWORK_HEADER = YES;
				CLANG_WARN_RANGE_LOOP_ANALYSIS = YES;
				CLANG_WARN_STRICT_PROTOTYPES = YES;
				CLANG_WARN_SUSPICIOUS_MOVE = YES;
				CLANG_WARN_UNGUARDED_AVAILABILITY = YES_AGGRESSIVE;
				CLANG_WARN_UNREACHABLE_CODE = YES;
				CLANG_WARN__DUPLICATE_METHOD_MATCH = YES;
				COPY_PHASE_STRIP = NO;
				DEBUG_INFORMATION_FORMAT = "dwarf-with-dsym";
				ENABLE_NS_ASSERTIONS = NO;
				ENABLE_STRICT_OBJC_MSGSEND = YES;
				GCC_C_LANGUAGE_STANDARD = gnu11;
				GCC_NO_COMMON_BLOCKS = YES;
				GCC_WARN_64_TO_32_BIT_CONVERSION = YES;
				GCC_WARN_ABOUT_RETURN_TYPE = YES_ERROR;
				GCC_WARN_UNDECLARED_SELECTOR = YES;
				GCC_WARN_UNINITIALIZED_AUTOS = YES_AGGRESSIVE;
				GCC_WARN_UNUSED_FUNCTION = YES;
				GCC_WARN_UNUSED_VARIABLE = YES;
				IPHONEOS_DEPLOYMENT_TARGET = 14.5;
				MTL_ENABLE_DEBUG_INFO = NO;
				MTL_FAST_MATH = YES;
				SDKROOT = iphoneos;
				SWIFT_COMPILATION_MODE = wholemodule;
				SWIFT_OPTIMIZATION_LEVEL = "-O";
				VALIDATE_PRODUCT = YES;
			};
			name = Release;
		};
		0DFB5F072769F80B00397C31 /* Debug */ = {
			isa = XCBuildConfiguration;
			buildSettings = {
				ASSETCATALOG_COMPILER_APPICON_NAME = AppIcon;
				ASSETCATALOG_COMPILER_GLOBAL_ACCENT_COLOR_NAME = AccentColor;
				CODE_SIGN_STYLE = Automatic;
				INFOPLIST_FILE = "gestion-empleados-ios/Info.plist";
				LD_RUNPATH_SEARCH_PATHS = (
					"$(inherited)",
					"@executable_path/Frameworks",
				);
				PRODUCT_BUNDLE_IDENTIFIER = "luis.gestion-empleados-ios";
				PRODUCT_NAME = "$(TARGET_NAME)";
				SWIFT_VERSION = 5.0;
				TARGETED_DEVICE_FAMILY = "1,2";
			};
			name = Debug;
		};
		0DFB5F082769F80B00397C31 /* Release */ = {
			isa = XCBuildConfiguration;
			buildSettings = {
				ASSETCATALOG_COMPILER_APPICON_NAME = AppIcon;
				ASSETCATALOG_COMPILER_GLOBAL_ACCENT_COLOR_NAME = AccentColor;
				CODE_SIGN_STYLE = Automatic;
				INFOPLIST_FILE = "gestion-empleados-ios/Info.plist";
				LD_RUNPATH_SEARCH_PATHS = (
					"$(inherited)",
					"@executable_path/Frameworks",
				);
				PRODUCT_BUNDLE_IDENTIFIER = "luis.gestion-empleados-ios";
				PRODUCT_NAME = "$(TARGET_NAME)";
				SWIFT_VERSION = 5.0;
				TARGETED_DEVICE_FAMILY = "1,2";
			};
			name = Release;
		};
/* End XCBuildConfiguration section */

/* Begin XCConfigurationList section */
		0DFB5EED2769F80A00397C31 /* Build configuration list for PBXProject "gestion-empleados-ios" */ = {
			isa = XCConfigurationList;
			buildConfigurations = (
				0DFB5F042769F80B00397C31 /* Debug */,
				0DFB5F052769F80B00397C31 /* Release */,
			);
			defaultConfigurationIsVisible = 0;
			defaultConfigurationName = Release;
		};
		0DFB5F062769F80B00397C31 /* Build configuration list for PBXNativeTarget "gestion-empleados-ios" */ = {
			isa = XCConfigurationList;
			buildConfigurations = (
				0DFB5F072769F80B00397C31 /* Debug */,
				0DFB5F082769F80B00397C31 /* Release */,
			);
			defaultConfigurationIsVisible = 0;
			defaultConfigurationName = Release;
		};
/* End XCConfigurationList section */

/* Begin XCRemoteSwiftPackageReference section */
		0DF7900627A17C3A00BA36A2 /* XCRemoteSwiftPackageReference "Alamofire" */ = {
			isa = XCRemoteSwiftPackageReference;
			repositoryURL = "https://github.com/Alamofire/Alamofire.git";
			requirement = {
				kind = exactVersion;
				version = 5.1.0;
			};
		};
/* End XCRemoteSwiftPackageReference section */

/* Begin XCSwiftPackageProductDependency section */
		0DF7900727A17C3A00BA36A2 /* Alamofire */ = {
			isa = XCSwiftPackageProductDependency;
			package = 0DF7900627A17C3A00BA36A2 /* XCRemoteSwiftPackageReference "Alamofire" */;
			productName = Alamofire;
		};
/* End XCSwiftPackageProductDependency section */
	};
	rootObject = 0DFB5EEA2769F80A00397C31 /* Project object */;
}
